
Microsoft Visual Studio Solution File, Format Version 12.00
# Visual Studio Version 17
VisualStudioVersion = 17.10.35013.160
MinimumVisualStudioVersion = 10.0.40219.1
Project("{FAE04EC0-301F-11D3-BF4B-00C04F79EFBC}") = "pointcloud", "pointcloud\pointcloud.csproj", "{ED8F3E47-659A-450C-AF33-86ED5842D884}"
EndProject
Global
	GlobalSection(SolutionConfigurationPlatforms) = preSolution
		Debug|Any CPU = Debug|Any CPU
		Release|Any CPU = Release|Any CPU
	EndGlobalSection
	GlobalSection(ProjectConfigurationPlatforms) = postSolution
		{ED8F3E47-659A-450C-AF33-86ED5842D884}.Debug|Any CPU.ActiveCfg = Debug|Any CPU
		{ED8F3E47-659A-450C-AF33-86ED5842D884}.Debug|Any CPU.Build.0 = Debug|Any CPU
		{ED8F3E47-659A-450C-AF33-86ED5842D884}.Release|Any CPU.ActiveCfg = Release|Any CPU
		{ED8F3E47-659A-450C-AF33-86ED5842D884}.Release|Any CPU.Build.0 = Release|Any CPU
	EndGlobalSection
	GlobalSection(SolutionProperties) = preSolution
		HideSolutionNode = FALSE
	EndGlobalSection
	GlobalSection(ExtensibilityGlobals) = postSolution
		SolutionGuid = {18CF1152-C3C9-46BE-AC6D-9D921CFC64FC}
	EndGlobalSection
EndGlobal
