
Microsoft Visual Studio Solution File, Format Version 12.00
# Visual Studio Version 17
VisualStudioVersion = 17.10.35013.160
MinimumVisualStudioVersion = 10.0.40219.1
Project("{FAE04EC0-301F-11D3-BF4B-00C04F79EFBC}") = "Voronoi_v5_p3", "Voronoi_v5_p3\Voronoi_v5_p3.csproj", "{7BC2BBB4-4F2C-4FD9-9BC2-6B9CCE1C898D}"
EndProject
Global
	GlobalSection(SolutionConfigurationPlatforms) = preSolution
		Debug|Any CPU = Debug|Any CPU
		Release|Any CPU = Release|Any CPU
	EndGlobalSection
	GlobalSection(ProjectConfigurationPlatforms) = postSolution
		{7BC2BBB4-4F2C-4FD9-9BC2-6B9CCE1C898D}.Debug|Any CPU.ActiveCfg = Debug|Any CPU
		{7BC2BBB4-4F2C-4FD9-9BC2-6B9CCE1C898D}.Debug|Any CPU.Build.0 = Debug|Any CPU
		{7BC2BBB4-4F2C-4FD9-9BC2-6B9CCE1C898D}.Release|Any CPU.ActiveCfg = Release|Any CPU
		{7BC2BBB4-4F2C-4FD9-9BC2-6B9CCE1C898D}.Release|Any CPU.Build.0 = Release|Any CPU
	EndGlobalSection
	GlobalSection(SolutionProperties) = preSolution
		HideSolutionNode = FALSE
	EndGlobalSection
	GlobalSection(ExtensibilityGlobals) = postSolution
		SolutionGuid = {5248340A-4A2E-4547-9F5C-239E166D39EB}
	EndGlobalSection
EndGlobal
