
Microsoft Visual Studio Solution File, Format Version 12.00
# Visual Studio Version 17
VisualStudioVersion = 17.10.35013.160
MinimumVisualStudioVersion = 10.0.40219.1
Project("{FAE04EC0-301F-11D3-BF4B-00C04F79EFBC}") = "GNSS_v2_p4-copy", "GNSS_v2_p4-copy\GNSS_v2_p4-copy.csproj", "{75ED3BC2-FABC-40D1-B1F0-7705BA19EDA0}"
EndProject
Global
	GlobalSection(SolutionConfigurationPlatforms) = preSolution
		Debug|Any CPU = Debug|Any CPU
		Release|Any CPU = Release|Any CPU
	EndGlobalSection
	GlobalSection(ProjectConfigurationPlatforms) = postSolution
		{75ED3BC2-FABC-40D1-B1F0-7705BA19EDA0}.Debug|Any CPU.ActiveCfg = Debug|Any CPU
		{75ED3BC2-FABC-40D1-B1F0-7705BA19EDA0}.Debug|Any CPU.Build.0 = Debug|Any CPU
		{75ED3BC2-FABC-40D1-B1F0-7705BA19EDA0}.Release|Any CPU.ActiveCfg = Release|Any CPU
		{75ED3BC2-FABC-40D1-B1F0-7705BA19EDA0}.Release|Any CPU.Build.0 = Release|Any CPU
	EndGlobalSection
	GlobalSection(SolutionProperties) = preSolution
		HideSolutionNode = FALSE
	EndGlobalSection
	GlobalSection(ExtensibilityGlobals) = postSolution
		SolutionGuid = {BE008E32-7DC3-4D0C-8FEC-9491303F742F}
	EndGlobalSection
EndGlobal
